{
  "version": 4,
  "terraform_version": "1.6.3",
  "serial": 5,
  "lineage": "4dae7097-0e51-6623-6a0a-d29c6ea8aee0",
  "outputs": {},
  "resources": [
    {
      "mode": "data",
      "type": "civo_size",
      "name": "xsmall",
      "provider": "provider[\"registry.terraform.io/civo/civo\"]",
      "instances": [
        {
          "schema_version": 0,
          "attributes": {
            "filter": [
              {
                "all": false,
                "key": "type",
                "match_by": "exact",
                "values": [
                  "kubernetes"
                ]
              }
            ],
            "id": "terraform-20231102193114020500000001",
            "sizes": [
              {
                "cpu": 1,
                "description": "Extra Small - Standard",
                "disk": 30,
                "gpu": 0,
                "gpu_type": "",
                "name": "g4s.kube.xsmall",
                "ram": 1024,
                "selectable": true,
                "type": "kubernetes"
              },
              {
                "cpu": 1,
                "description": "Small - Standard",
                "disk": 40,
                "gpu": 0,
                "gpu_type": "",
                "name": "g4s.kube.small",
                "ram": 2048,
                "selectable": true,
                "type": "kubernetes"
              },
              {
                "cpu": 2,
                "description": "Medium - Standard",
                "disk": 50,
                "gpu": 0,
                "gpu_type": "",
                "name": "g4s.kube.medium",
                "ram": 4096,
                "selectable": true,
                "type": "kubernetes"
              },
              {
                "cpu": 4,
                "description": "Large - Standard",
                "disk": 60,
                "gpu": 0,
                "gpu_type": "",
                "name": "g4s.kube.large",
                "ram": 8192,
                "selectable": true,
                "type": "kubernetes"
              },
              {
                "cpu": 4,
                "description": "Small - Performance",
                "disk": 60,
                "gpu": 0,
                "gpu_type": "",
                "name": "g4p.kube.small",
                "ram": 16384,
                "selectable": true,
                "type": "kubernetes"
              },
              {
                "cpu": 8,
                "description": "Medium - Performance",
                "disk": 80,
                "gpu": 0,
                "gpu_type": "",
                "name": "g4p.kube.medium",
                "ram": 32768,
                "selectable": true,
                "type": "kubernetes"
              },
              {
                "cpu": 16,
                "description": "Large - Performance",
                "disk": 120,
                "gpu": 0,
                "gpu_type": "",
                "name": "g4p.kube.large",
                "ram": 65536,
                "selectable": true,
                "type": "kubernetes"
              },
              {
                "cpu": 32,
                "description": "Extra Large - Performance",
                "disk": 180,
                "gpu": 0,
                "gpu_type": "",
                "name": "g4p.kube.xlarge",
                "ram": 131072,
                "selectable": true,
                "type": "kubernetes"
              },
              {
                "cpu": 8,
                "description": "Small - CPU optimized",
                "disk": 60,
                "gpu": 0,
                "gpu_type": "",
                "name": "g4c.kube.small",
                "ram": 16384,
                "selectable": true,
                "type": "kubernetes"
              },
              {
                "cpu": 16,
                "description": "Medium - CPU optimized",
                "disk": 80,
                "gpu": 0,
                "gpu_type": "",
                "name": "g4c.kube.medium",
                "ram": 32768,
                "selectable": true,
                "type": "kubernetes"
              },
              {
                "cpu": 32,
                "description": "Large - CPU optimized",
                "disk": 120,
                "gpu": 0,
                "gpu_type": "",
                "name": "g4c.kube.large",
                "ram": 65536,
                "selectable": true,
                "type": "kubernetes"
              },
              {
                "cpu": 64,
                "description": "Extra Large - CPU optimized",
                "disk": 180,
                "gpu": 0,
                "gpu_type": "",
                "name": "g4c.kube.xlarge",
                "ram": 131072,
                "selectable": true,
                "type": "kubernetes"
              },
              {
                "cpu": 2,
                "description": "Small - RAM optimized",
                "disk": 60,
                "gpu": 0,
                "gpu_type": "",
                "name": "g4m.kube.small",
                "ram": 16384,
                "selectable": true,
                "type": "kubernetes"
              },
              {
                "cpu": 4,
                "description": "Medium - RAM optimized",
                "disk": 80,
                "gpu": 0,
                "gpu_type": "",
                "name": "g4m.kube.medium",
                "ram": 32768,
                "selectable": true,
                "type": "kubernetes"
              },
              {
                "cpu": 8,
                "description": "Large - RAM optimized",
                "disk": 120,
                "gpu": 0,
                "gpu_type": "",
                "name": "g4m.kube.large",
                "ram": 65536,
                "selectable": true,
                "type": "kubernetes"
              },
              {
                "cpu": 16,
                "description": "Extra Large - RAM optimized",
                "disk": 180,
                "gpu": 0,
                "gpu_type": "",
                "name": "g4m.kube.xlarge",
                "ram": 131072,
                "selectable": true,
                "type": "kubernetes"
              }
            ],
            "sort": null
          },
          "sensitive_attributes": []
        }
      ]
    },
    {
      "mode": "managed",
      "type": "civo_firewall",
      "name": "my-firewall",
      "provider": "provider[\"registry.terraform.io/civo/civo\"]",
      "instances": [
        {
          "schema_version": 0,
          "attributes": {
            "create_default_rules": true,
            "egress_rule": [
              {
                "action": "allow",
                "cidr": [
                  "0.0.0.0/0"
                ],
                "id": "0c192de5-9692-48b1-80db-e5487c4e0113",
                "label": "All UDP ports open",
                "port_range": "1-65535",
                "protocol": "udp"
              },
              {
                "action": "allow",
                "cidr": [
                  "0.0.0.0/0"
                ],
                "id": "2530b45d-2e83-4cdd-af6d-0c159d91ac77",
                "label": "Ping/traceroute",
                "port_range": "",
                "protocol": "icmp"
              },
              {
                "action": "allow",
                "cidr": [
                  "0.0.0.0/0"
                ],
                "id": "d6e19a4c-bddc-4ddc-8ba0-26dd9cf9db41",
                "label": "All TCP ports open",
                "port_range": "1-65535",
                "protocol": "tcp"
              }
            ],
            "id": "231ef548-6ae0-4ce7-b38c-a647ba36d9f0",
            "ingress_rule": [
              {
                "action": "allow",
                "cidr": [
                  "0.0.0.0/0"
                ],
                "id": "587923e1-82e6-46bd-9b6c-554660b2ccb1",
                "label": "Ping/traceroute",
                "port_range": "",
                "protocol": "icmp"
              },
              {
                "action": "allow",
                "cidr": [
                  "0.0.0.0/0"
                ],
                "id": "a250ca7a-d49b-404a-bb92-cdc7d104dc50",
                "label": "All TCP ports open",
                "port_range": "1-65535",
                "protocol": "tcp"
              },
              {
                "action": "allow",
                "cidr": [
                  "0.0.0.0/0"
                ],
                "id": "b098bb5f-a787-493d-94c4-d637747e30d3",
                "label": "All UDP ports open",
                "port_range": "1-65535",
                "protocol": "udp"
              }
            ],
            "name": "my-firewall",
            "network_id": "5bdf1729-0a3f-46a9-b066-931de0f38b7d",
            "region": "FRA1"
          },
          "sensitive_attributes": [],
          "private": "bnVsbA=="
        }
      ]
    },
    {
      "mode": "managed",
      "type": "civo_firewall_rule",
      "name": "kubernetes_api",
      "provider": "provider[\"registry.terraform.io/civo/civo\"]",
      "instances": [
        {
          "schema_version": 0,
          "attributes": {
            "action": "allow",
            "cidr": [
              "0.0.0.0/0"
            ],
            "direction": "ingress",
            "end_port": "6443",
            "firewall_id": "231ef548-6ae0-4ce7-b38c-a647ba36d9f0",
            "id": "ddc81093-b759-4559-811c-d9e3dd49fd27",
            "label": "kubernetes-api-server",
            "protocol": "tcp",
            "region": null,
            "start_port": "6443"
          },
          "sensitive_attributes": [],
          "private": "bnVsbA==",
          "dependencies": [
            "civo_firewall.my-firewall"
          ]
        }
      ]
    },
    {
      "mode": "managed",
      "type": "civo_kubernetes_cluster",
      "name": "k8s_demo_1",
      "provider": "provider[\"registry.terraform.io/civo/civo\"]",
      "instances": [
        {
          "schema_version": 0,
          "attributes": {
            "api_endpoint": "https://74.220.26.85:6443",
            "applications": "",
            "cluster_type": "k3s",
            "cni": "flannel",
            "created_at": "2023-11-02 19:31:22 +0000 UTC",
            "dns_entry": "e9d19cd8-fcd8-4af8-8895-828585d60599.k8s.civo.com",
            "firewall_id": "231ef548-6ae0-4ce7-b38c-a647ba36d9f0",
            "id": "e9d19cd8-fcd8-4af8-8895-828585d60599",
            "installed_applications": [],
            "kubeconfig": "apiVersion: v1\nclusters:\n- cluster:\n    certificate-authority-data: LS0tLS1CRUdJTiBDRVJUSUZJQ0FURS0tLS0tCk1JSUJkekNDQVIyZ0F3SUJBZ0lCQURBS0JnZ3Foa2pPUFFRREFqQWpNU0V3SHdZRFZRUUREQmhyTTNNdGMyVnkKZG1WeUxXTmhRREUyT1RnNU5UTTFOamt3SGhjTk1qTXhNVEF5TVRrek1qUTVXaGNOTXpNeE1ETXdNVGt6TWpRNQpXakFqTVNFd0h3WURWUVFEREJock0zTXRjMlZ5ZG1WeUxXTmhRREUyT1RnNU5UTTFOamt3V1RBVEJnY3Foa2pPClBRSUJCZ2dxaGtqT1BRTUJCd05DQUFSYmg1K2VnMExKcElYOUlQekVxSk42STBXWHdpdjlKUEo3UGJwOHQyR0QKWGl4RFk5Z2QzajBBcUFTSnViKzJTaXI5eFRHTDgrWFZDYW1UdmhzcGRXWVJvMEl3UURBT0JnTlZIUThCQWY4RQpCQU1DQXFRd0R3WURWUjBUQVFIL0JBVXdBd0VCL3pBZEJnTlZIUTRFRmdRVU53R1BpM2VCTE5XUGJnbjdmaDZVCnkxbXVyZUl3Q2dZSUtvWkl6ajBFQXdJRFNBQXdSUUlnWGJYTStzNEY2UENwRUt4bEFzUXRnNVV4R29Wb2dRQjMKN0s2bUs3YkhPVVFDSVFEbGwrSlBQSUFMTGlhQjZDQm9aVHpZakhhK0gwOU5PQ3Nwdm1jbWxlU3dNQT09Ci0tLS0tRU5EIENFUlRJRklDQVRFLS0tLS0K\n    server: https://74.220.26.85:6443\n  name: k8s_demo_1\ncontexts:\n- context:\n    cluster: k8s_demo_1\n    user: k8s_demo_1\n  name: k8s_demo_1\ncurrent-context: k8s_demo_1\nkind: Config\npreferences: {}\nusers:\n- name: k8s_demo_1\n  user:\n    client-certificate-data: LS0tLS1CRUdJTiBDRVJUSUZJQ0FURS0tLS0tCk1JSUJrRENDQVRlZ0F3SUJBZ0lJSU9lNnZQeHc2SjR3Q2dZSUtvWkl6ajBFQXdJd0l6RWhNQjhHQTFVRUF3d1kKYXpOekxXTnNhV1Z1ZEMxallVQXhOams0T1RVek5UWTVNQjRYRFRJek1URXdNakU1TXpJME9Wb1hEVEkwTVRFdwpNVEU1TXpJME9Wb3dNREVYTUJVR0ExVUVDaE1PYzNsemRHVnRPbTFoYzNSbGNuTXhGVEFUQmdOVkJBTVRESE41CmMzUmxiVHBoWkcxcGJqQlpNQk1HQnlxR1NNNDlBZ0VHQ0NxR1NNNDlBd0VIQTBJQUJEbVJEb2t6L1k0OXBMNlIKeTV6bDQzVGFyKzI1RTEyTVhpME1Gck9qQWFIVTg1amdHMDJuQ0p2WmdGK2FlekJOaWpxRkFpRXlFUEpCMGlpYQpCd0VqdktTalNEQkdNQTRHQTFVZER3RUIvd1FFQXdJRm9EQVRCZ05WSFNVRUREQUtCZ2dyQmdFRkJRY0RBakFmCkJnTlZIU01FR0RBV2dCUm1zZnphK3JuR09PaGlRcWppTXk4Nks5V3d2akFLQmdncWhrak9QUVFEQWdOSEFEQkUKQWlCTGQzdWtkR0I5ZGdIQ2lKakdxRzZTenB1UjYwU0pVNk5rUFJWdTVCRmJ3UUlnRXllelFIbzJTY0VMelZQZwptQUhPS1ZxYVQyRS9wUmdhaGpsSzl0SXFORDQ9Ci0tLS0tRU5EIENFUlRJRklDQVRFLS0tLS0KLS0tLS1CRUdJTiBDRVJUSUZJQ0FURS0tLS0tCk1JSUJlRENDQVIyZ0F3SUJBZ0lCQURBS0JnZ3Foa2pPUFFRREFqQWpNU0V3SHdZRFZRUUREQmhyTTNNdFkyeHAKWlc1MExXTmhRREUyT1RnNU5UTTFOamt3SGhjTk1qTXhNVEF5TVRrek1qUTVXaGNOTXpNeE1ETXdNVGt6TWpRNQpXakFqTVNFd0h3WURWUVFEREJock0zTXRZMnhwWlc1MExXTmhRREUyT1RnNU5UTTFOamt3V1RBVEJnY3Foa2pPClBRSUJCZ2dxaGtqT1BRTUJCd05DQUFURkJyWS9YSEo2dURYMUQ2WVN3eURpTWtCWXRXelJQR0lDZUJqeW5mSWUKQlJPUjJsYkpTa3ZrMnR4bXpxZlcwSGxtVFA5TE1aa2ZQUmpvZUNjZDRLMjhvMEl3UURBT0JnTlZIUThCQWY4RQpCQU1DQXFRd0R3WURWUjBUQVFIL0JBVXdBd0VCL3pBZEJnTlZIUTRFRmdRVVpySDgydnE1eGpqb1lrS280ak12Ck9pdlZzTDR3Q2dZSUtvWkl6ajBFQXdJRFNRQXdSZ0loQUtrckZNUlpHSDE0a3ZaaW9HdytDQ2tnZzhKODFFUTkKaXExZjFDbGxFZGxrQWlFQXBnaTZXL3FTK1VCNnJmcW9oazFTUkxVN2d2NUcxQ25FL3BsSGZqRVp3VUk9Ci0tLS0tRU5EIENFUlRJRklDQVRFLS0tLS0K\n    client-key-data: LS0tLS1CRUdJTiBFQyBQUklWQVRFIEtFWS0tLS0tCk1IY0NBUUVFSUhGdWVubFh2SGVEMFVNV2NnN241RlhkeW44MGNUM1VVbWplT2VmeFM5d29vQW9HQ0NxR1NNNDkKQXdFSG9VUURRZ0FFT1pFT2lUUDlqajJrdnBITG5PWGpkTnF2N2JrVFhZeGVMUXdXczZNQm9kVHptT0FiVGFjSQptOW1BWDVwN01FMktPb1VDSVRJUThrSFNLSm9IQVNPOHBBPT0KLS0tLS1FTkQgRUMgUFJJVkFURSBLRVktLS0tLQo=\n",
            "kubernetes_version": "1.26.4-k3s1",
            "master_ip": "74.220.26.85",
            "name": "k8s_demo_1",
            "network_id": "5bdf1729-0a3f-46a9-b066-931de0f38b7d",
            "num_target_nodes": 3,
            "pools": [
              {
                "instance_names": [
                  "k3s-k8s-demo-1-e3a5-3a10ec-node-pool-b37f-fy7ac",
                  "k3s-k8s-demo-1-e3a5-3a10ec-node-pool-b37f-k4hrv",
                  "k3s-k8s-demo-1-e3a5-3a10ec-node-pool-b37f-r7jkr"
                ],
                "label": "a11fb2e3-8d07-4209-aaa7-7e497d050335",
                "node_count": 3,
                "public_ip_node_pool": false,
                "size": "g4s.kube.xsmall"
              }
            ],
            "ready": true,
            "region": "FRA1",
            "status": "ACTIVE",
            "tags": "",
            "target_nodes_size": "g4s.kube.xsmall",
            "timeouts": null
          },
          "sensitive_attributes": [],
          "private": "eyJlMmJmYjczMC1lY2FhLTExZTYtOGY4OC0zNDM2M2JjN2M0YzAiOnsiY3JlYXRlIjoxODAwMDAwMDAwMDAwLCJkZWxldGUiOjE4MDAwMDAwMDAwMDAsInVwZGF0ZSI6MTgwMDAwMDAwMDAwMH19",
          "dependencies": [
            "civo_firewall.my-firewall",
            "data.civo_size.xsmall"
          ]
        }
      ]
    }
  ],
  "check_results": null
}
